// !$*UTF8*$!
{
	archiveVersion = 1;
	classes = {
	};
	objectVersion = 50;
	objects = {

/* Begin PBXBuildFile section */
		C541897E23F30E2F00E39EEF /* AppDelegate.swift in Sources */ = {isa = PBXBuildFile; fileRef = C541897D23F30E2F00E39EEF /* AppDelegate.swift */; };
		C541898023F30E2F00E39EEF /* SceneDelegate.swift in Sources */ = {isa = PBXBuildFile; fileRef = C541897F23F30E2F00E39EEF /* SceneDelegate.swift */; };
		C541898223F30E2F00E39EEF /* ViewController.swift in Sources */ = {isa = PBXBuildFile; fileRef = C541898123F30E2F00E39EEF /* ViewController.swift */; };
		C541898523F30E2F00E39EEF /* Main.storyboard in Resources */ = {isa = PBXBuildFile; fileRef = C541898323F30E2F00E39EEF /* Main.storyboard */; };
		C541898723F30E3500E39EEF /* Assets.xcassets in Resources */ = {isa = PBXBuildFile; fileRef = C541898623F30E3500E39EEF /* Assets.xcassets */; };
		C541898A23F30E3500E39EEF /* LaunchScreen.storyboard in Resources */ = {isa = PBXBuildFile; fileRef = C541898823F30E3500E39EEF /* LaunchScreen.storyboard */; };
		C541899223F3112B00E39EEF /* NamedButton.swift in Sources */ = {isa = PBXBuildFile; fileRef = C541899123F3112B00E39EEF /* NamedButton.swift */; };
/* End PBXBuildFile section */

/* Begin PBXFileReference section */
		C541897A23F30E2F00E39EEF /* FunButton.app */ = {isa = PBXFileReference; explicitFileType = wrapper.application; includeInIndex = 0; path = FunButton.app; sourceTree = BUILT_PRODUCTS_DIR; };
		C541897D23F30E2F00E39EEF /* AppDelegate.swift */ = {isa = PBXFileReference; lastKnownFileType = sourcecode.swift; path = AppDelegate.swift; sourceTree = "<group>"; };
		C541897F23F30E2F00E39EEF /* SceneDelegate.swift */ = {isa = PBXFileReference; lastKnownFileType = sourcecode.swift; path = SceneDelegate.swift; sourceTree = "<group>"; };
		C541898123F30E2F00E39EEF /* ViewController.swift */ = {isa = PBXFileReference; lastKnownFileType = sourcecode.swift; path = ViewController.swift; sourceTree = "<group>"; };
		C541898423F30E2F00E39EEF /* Base */ = {isa = PBXFileReference; lastKnownFileType = file.storyboard; name = Base; path = Base.lproj/Main.storyboard; sourceTree = "<group>"; };
		C541898623F30E3500E39EEF /* Assets.xcassets */ = {isa = PBXFileReference; lastKnownFileType = folder.assetcatalog; path = Assets.xcassets; sourceTree = "<group>"; };
		C541898923F30E3500E39EEF /* Base */ = {isa = PBXFileReference; lastKnownFileType = file.storyboard; name = Base; path = Base.lproj/LaunchScreen.storyboard; sourceTree = "<group>"; };
		C541898B23F30E3500E39EEF /* Info.plist */ = {isa = PBXFileReference; lastKnownFileType = text.plist.xml; path = Info.plist; sourceTree = "<group>"; };
		C541899123F3112B00E39EEF /* NamedButton.swift */ = {isa = PBXFileReference; lastKnownFileType = sourcecode.swift; path = NamedButton.swift; sourceTree = "<group>"; };
/* End PBXFileReference section */

/* Begin PBXFrameworksBuildPhase section */
		C541897723F30E2E00E39EEF /* Frameworks */ = {
			isa = PBXFrameworksBuildPhase;
			buildActionMask = 2147483647;
			files = (
			);
			runOnlyForDeploymentPostprocessing = 0;
		};
/* End PBXFrameworksBuildPhase section */

/* Begin PBXGroup section */
		C541897123F30E2E00E39EEF = {
			isa = PBXGroup;
			children = (
				C541897C23F30E2F00E39EEF /* FunButton */,
				C541897B23F30E2F00E39EEF /* Products */,
			);
			sourceTree = "<group>";
		};
		C541897B23F30E2F00E39EEF /* Products */ = {
			isa = PBXGroup;
			children = (
				C541897A23F30E2F00E39EEF /* FunButton.app */,
			);
			name = Products;
			sourceTree = "<group>";
		};
		C541897C23F30E2F00E39EEF /* FunButton */ = {
			isa = PBXGroup;
			children = (
				C541897D23F30E2F00E39EEF /* AppDelegate.swift */,
				C541897F23F30E2F00E39EEF /* SceneDelegate.swift */,
				C541898123F30E2F00E39EEF /* ViewController.swift */,
				C541898323F30E2F00E39EEF /* Main.storyboard */,
				C541899123F3112B00E39EEF /* NamedButton.swift */,
				C541898623F30E3500E39EEF /* Assets.xcassets */,
				C541898823F30E3500E39EEF /* LaunchScreen.storyboard */,
				C541898B23F30E3500E39EEF /* Info.plist */,
			);
			path = FunButton;
			sourceTree = "<group>";
		};
/* End PBXGroup section */

/* Begin PBXNativeTarget section */
		C541897923F30E2E00E39EEF /* FunButton */ = {
			isa = PBXNativeTarget;
			buildConfigurationList = C541898E23F30E3500E39EEF /* Build configuration list for PBXNativeTarget "FunButton" */;
			buildPhases = (
				C541897623F30E2E00E39EEF /* Sources */,
				C541897723F30E2E00E39EEF /* Frameworks */,
				C541897823F30E2E00E39EEF /* Resources */,
			);
			buildRules = (
			);
			dependencies = (
			);
			name = FunButton;
			productName = FunButton;
			productReference = C541897A23F30E2F00E39EEF /* FunButton.app */;
			productType = "com.apple.product-type.application";
		};
/* End PBXNativeTarget section */

/* Begin PBXProject section */
		C541897223F30E2E00E39EEF /* Project object */ = {
			isa = PBXProject;
			attributes = {
				LastSwiftUpdateCheck = 1120;
				LastUpgradeCheck = 1120;
				ORGANIZATIONNAME = "Kaelen Cook";
				TargetAttributes = {
					C541897923F30E2E00E39EEF = {
						CreatedOnToolsVersion = 11.2;
					};
				};
			};
			buildConfigurationList = C541897523F30E2E00E39EEF /* Build configuration list for PBXProject "FunButton" */;
			compatibilityVersion = "Xcode 9.3";
			developmentRegion = en;
			hasScannedForEncodings = 0;
			knownRegions = (
				en,
				Base,
			);
			mainGroup = C541897123F30E2E00E39EEF;
			productRefGroup = C541897B23F30E2F00E39EEF /* Products */;
			projectDirPath = "";
			projectRoot = "";
			targets = (
				C541897923F30E2E00E39EEF /* FunButton */,
			);
		};
/* End PBXProject section */

/* Begin PBXResourcesBuildPhase section */
		C541897823F30E2E00E39EEF /* Resources */ = {
			isa = PBXResourcesBuildPhase;
			buildActionMask = 2147483647;
			files = (
				C541898A23F30E3500E39EEF /* LaunchScreen.storyboard in Resources */,
				C541898723F30E3500E39EEF /* Assets.xcassets in Resources */,
				C541898523F30E2F00E39EEF /* Main.storyboard in Resources */,
			);
			runOnlyForDeploymentPostprocessing = 0;
		};
/* End PBXResourcesBuildPhase section */

/* Begin PBXSourcesBuildPhase section */
		C541897623F30E2E00E39EEF /* Sources */ = {
			isa = PBXSourcesBuildPhase;
			buildActionMask = 2147483647;
			files = (
				C541898223F30E2F00E39EEF /* ViewController.swift in Sources */,
				C541899223F3112B00E39EEF /* NamedButton.swift in Sources */,
				C541897E23F30E2F00E39EEF /* AppDelegate.swift in Sources */,
				C541898023F30E2F00E39EEF /* SceneDelegate.swift in Sources */,
			);
			runOnlyForDeploymentPostprocessing = 0;
		};
/* End PBXSourcesBuildPhase section */

/* Begin PBXVariantGroup section */
		C541898323F30E2F00E39EEF /* Main.storyboard */ = {
			isa = PBXVariantGroup;
			children = (
				C541898423F30E2F00E39EEF /* Base */,
			);
			name = Main.storyboard;
			sourceTree = "<group>";
		};
		C541898823F30E3500E39EEF /* LaunchScreen.storyboard */ = {
			isa = PBXVariantGroup;
			children = (
				C541898923F30E3500E39EEF /* Base */,
			);
			name = LaunchScreen.storyboard;
			sourceTree = "<group>";
		};
/* End PBXVariantGroup section */

/* Begin XCBuildConfiguration section */
		C541898C23F30E3500E39EEF /* Debug */ = {
			isa = XCBuildConfiguration;
			buildSettings = {
				ALWAYS_SEARCH_USER_PATHS = NO;
				CLANG_ANALYZER_NONNULL = YES;
				CLANG_ANALYZER_NUMBER_OBJECT_CONVERSION = YES_AGGRESSIVE;
				CLANG_CXX_LANGUAGE_STANDARD = "gnu++14";
				CLANG_CXX_LIBRARY = "libc++";
				CLANG_ENABLE_MODULES = YES;
				CLANG_ENABLE_OBJC_ARC = YES;
				CLANG_ENABLE_OBJC_WEAK = YES;
				CLANG_WARN_BLOCK_CAPTURE_AUTORELEASING = YES;
				CLANG_WARN_BOOL_CONVERSION = YES;
				CLANG_WARN_COMMA = YES;
				CLANG_WARN_CONSTANT_CONVERSION = YES;
				CLANG_WARN_DEPRECATED_OBJC_IMPLEMENTATIONS = YES;
				CLANG_WARN_DIRECT_OBJC_ISA_USAGE = YES_ERROR;
				CLANG_WARN_DOCUMENTATION_COMMENTS = YES;
				CLANG_WARN_EMPTY_BODY = YES;
				CLANG_WARN_ENUM_CONVERSION = YES;
				CLANG_WARN_INFINITE_RECURSION = YES;
				CLANG_WARN_INT_CONVERSION = YES;
				CLANG_WARN_NON_LITERAL_NULL_CONVERSION = YES;
				CLANG_WARN_OBJC_IMPLICIT_RETAIN_SELF = YES;
				CLANG_WARN_OBJC_LITERAL_CONVERSION = YES;
				CLANG_WARN_OBJC_ROOT_CLASS = YES_ERROR;
				CLANG_WARN_RANGE_LOOP_ANALYSIS = YES;
				CLANG_WARN_STRICT_PROTOTYPES = YES;
				CLANG_WARN_SUSPICIOUS_MOVE = YES;
				CLANG_WARN_UNGUARDED_AVAILABILITY = YES_AGGRESSIVE;
				CLANG_WARN_UNREACHABLE_CODE = YES;
				CLANG_WARN__DUPLICATE_METHOD_MATCH = YES;
				COPY_PHASE_STRIP = NO;
				DEBUG_INFORMATION_FORMAT = dwarf;
				ENABLE_STRICT_OBJC_MSGSEND = YES;
				ENABLE_TESTABILITY = YES;
				GCC_C_LANGUAGE_STANDARD = gnu11;
				GCC_DYNAMIC_NO_PIC = NO;
				GCC_NO_COMMON_BLOCKS = YES;
				GCC_OPTIMIZATION_LEVEL = 0;
				GCC_PREPROCESSOR_DEFINITIONS = (
					"DEBUG=1",
					"$(inherited)",
				);
				GCC_WARN_64_TO_32_BIT_CONVERSION = YES;
				GCC_WARN_ABOUT_RETURN_TYPE = YES_ERROR;
				GCC_WARN_UNDECLARED_SELECTOR = YES;
				GCC_WARN_UNINITIALIZED_AUTOS = YES_AGGRESSIVE;
				GCC_WARN_UNUSED_FUNCTION = YES;
				GCC_WARN_UNUSED_VARIABLE = YES;
				IPHONEOS_DEPLOYMENT_TARGET = 13.2;
				MTL_ENABLE_DEBUG_INFO = INCLUDE_SOURCE;
				MTL_FAST_MATH = YES;
				ONLY_ACTIVE_ARCH = YES;
				SDKROOT = iphoneos;
				SWIFT_ACTIVE_COMPILATION_CONDITIONS = DEBUG;
				SWIFT_OPTIMIZATION_LEVEL = "-Onone";
			};
			name = Debug;
		};
		C541898D23F30E3500E39EEF /* Release */ = {
			isa = XCBuildConfiguration;
			buildSettings = {
				ALWAYS_SEARCH_USER_PATHS = NO;
				CLANG_ANALYZER_NONNULL = YES;
				CLANG_ANALYZER_NUMBER_OBJECT_CONVERSION = YES_AGGRESSIVE;
				CLANG_CXX_LANGUAGE_STANDARD = "gnu++14";
				CLANG_CXX_LIBRARY = "libc++";
				CLANG_ENABLE_MODULES = YES;
				CLANG_ENABLE_OBJC_ARC = YES;
				CLANG_ENABLE_OBJC_WEAK = YES;
				CLANG_WARN_BLOCK_CAPTURE_AUTORELEASING = YES;
				CLANG_WARN_BOOL_CONVERSION = YES;
				CLANG_WARN_COMMA = YES;
				CLANG_WARN_CONSTANT_CONVERSION = YES;
				CLANG_WARN_DEPRECATED_OBJC_IMPLEMENTATIONS = YES;
				CLANG_WARN_DIRECT_OBJC_ISA_USAGE = YES_ERROR;
				CLANG_WARN_DOCUMENTATION_COMMENTS = YES;
				CLANG_WARN_EMPTY_BODY = YES;
				CLANG_WARN_ENUM_CONVERSION = YES;
				CLANG_WARN_INFINITE_RECURSION = YES;
				CLANG_WARN_INT_CONVERSION = YES;
				CLANG_WARN_NON_LITERAL_NULL_CONVERSION = YES;
				CLANG_WARN_OBJC_IMPLICIT_RETAIN_SELF = YES;
				CLANG_WARN_OBJC_LITERAL_CONVERSION = YES;
				CLANG_WARN_OBJC_ROOT_CLASS = YES_ERROR;
				CLANG_WARN_RANGE_LOOP_ANALYSIS = YES;
				CLANG_WARN_STRICT_PROTOTYPES = YES;
				CLANG_WARN_SUSPICIOUS_MOVE = YES;
				CLANG_WARN_UNGUARDED_AVAILABILITY = YES_AGGRESSIVE;
				CLANG_WARN_UNREACHABLE_CODE = YES;
				CLANG_WARN__DUPLICATE_METHOD_MATCH = YES;
				COPY_PHASE_STRIP = NO;
				DEBUG_INFORMATION_FORMAT = "dwarf-with-dsym";
				ENABLE_NS_ASSERTIONS = NO;
				ENABLE_STRICT_OBJC_MSGSEND = YES;
				GCC_C_LANGUAGE_STANDARD = gnu11;
				GCC_NO_COMMON_BLOCKS = YES;
				GCC_WARN_64_TO_32_BIT_CONVERSION = YES;
				GCC_WARN_ABOUT_RETURN_TYPE = YES_ERROR;
				GCC_WARN_UNDECLARED_SELECTOR = YES;
				GCC_WARN_UNINITIALIZED_AUTOS = YES_AGGRESSIVE;
				GCC_WARN_UNUSED_FUNCTION = YES;
				GCC_WARN_UNUSED_VARIABLE = YES;
				IPHONEOS_DEPLOYMENT_TARGET = 13.2;
				MTL_ENABLE_DEBUG_INFO = NO;
				MTL_FAST_MATH = YES;
				SDKROOT = iphoneos;
				SWIFT_COMPILATION_MODE = wholemodule;
				SWIFT_OPTIMIZATION_LEVEL = "-O";
				VALIDATE_PRODUCT = YES;
			};
			name = Release;
		};
		C541898F23F30E3500E39EEF /* Debug */ = {
			isa = XCBuildConfiguration;
			buildSettings = {
				ASSETCATALOG_COMPILER_APPICON_NAME = AppIcon;
				CODE_SIGN_STYLE = Automatic;
				DEVELOPMENT_TEAM = NSHAHHR78G;
				INFOPLIST_FILE = FunButton/Info.plist;
				LD_RUNPATH_SEARCH_PATHS = (
					"$(inherited)",
					"@executable_path/Frameworks",
				);
				PRODUCT_BUNDLE_IDENTIFIER = com.kaelenrexcook.FunButton;
				PRODUCT_NAME = "$(TARGET_NAME)";
				SWIFT_VERSION = 5.0;
				TARGETED_DEVICE_FAMILY = "1,2";
			};
			name = Debug;
		};
		C541899023F30E3500E39EEF /* Release */ = {
			isa = XCBuildConfiguration;
			buildSettings = {
				ASSETCATALOG_COMPILER_APPICON_NAME = AppIcon;
				CODE_SIGN_STYLE = Automatic;
				DEVELOPMENT_TEAM = NSHAHHR78G;
				INFOPLIST_FILE = FunButton/Info.plist;
				LD_RUNPATH_SEARCH_PATHS = (
					"$(inherited)",
					"@executable_path/Frameworks",
				);
				PRODUCT_BUNDLE_IDENTIFIER = com.kaelenrexcook.FunButton;
				PRODUCT_NAME = "$(TARGET_NAME)";
				SWIFT_VERSION = 5.0;
				TARGETED_DEVICE_FAMILY = "1,2";
			};
			name = Release;
		};
/* End XCBuildConfiguration section */

/* Begin XCConfigurationList section */
		C541897523F30E2E00E39EEF /* Build configuration list for PBXProject "FunButton" */ = {
			isa = XCConfigurationList;
			buildConfigurations = (
				C541898C23F30E3500E39EEF /* Debug */,
				C541898D23F30E3500E39EEF /* Release */,
			);
			defaultConfigurationIsVisible = 0;
			defaultConfigurationName = Release;
		};
		C541898E23F30E3500E39EEF /* Build configuration list for PBXNativeTarget "FunButton" */ = {
			isa = XCConfigurationList;
			buildConfigurations = (
				C541898F23F30E3500E39EEF /* Debug */,
				C541899023F30E3500E39EEF /* Release */,
			);
			defaultConfigurationIsVisible = 0;
			defaultConfigurationName = Release;
		};
/* End XCConfigurationList section */
	};
	rootObject = C541897223F30E2E00E39EEF /* Project object */;
}
