// !$*UTF8*$!
{
	archiveVersion = 1;
	classes = {
	};
	objectVersion = 50;
	objects = {

/* Begin PBXBuildFile section */
		C55FA3992371DB1B007C74B9 /* ViewController.swift in Sources */ = {isa = PBXBuildFile; fileRef = C55FA3982371DB1B007C74B9 /* ViewController.swift */; };
		C57D99E4236C9CE3003A774B /* AppDelegate.swift in Sources */ = {isa = PBXBuildFile; fileRef = C57D99E3236C9CE3003A774B /* AppDelegate.swift */; };
		C57D99E6236C9CE3003A774B /* SceneDelegate.swift in Sources */ = {isa = PBXBuildFile; fileRef = C57D99E5236C9CE3003A774B /* SceneDelegate.swift */; };
		C57D99EB236C9CE3003A774B /* Main.storyboard in Resources */ = {isa = PBXBuildFile; fileRef = C57D99E9236C9CE3003A774B /* Main.storyboard */; };
		C57D99ED236C9CE3003A774B /* Assets.xcassets in Resources */ = {isa = PBXBuildFile; fileRef = C57D99EC236C9CE3003A774B /* Assets.xcassets */; };
		C57D99F0236C9CE3003A774B /* LaunchScreen.storyboard in Resources */ = {isa = PBXBuildFile; fileRef = C57D99EE236C9CE3003A774B /* LaunchScreen.storyboard */; };
		C57D99F8236C9D05003A774B /* TableViewController.swift in Sources */ = {isa = PBXBuildFile; fileRef = C57D99F7236C9D05003A774B /* TableViewController.swift */; };
/* End PBXBuildFile section */

/* Begin PBXFileReference section */
		C55FA3982371DB1B007C74B9 /* ViewController.swift */ = {isa = PBXFileReference; lastKnownFileType = sourcecode.swift; path = ViewController.swift; sourceTree = "<group>"; };
		C57D99E0236C9CE3003A774B /* XRDS Dictionary.app */ = {isa = PBXFileReference; explicitFileType = wrapper.application; includeInIndex = 0; path = "XRDS Dictionary.app"; sourceTree = BUILT_PRODUCTS_DIR; };
		C57D99E3236C9CE3003A774B /* AppDelegate.swift */ = {isa = PBXFileReference; lastKnownFileType = sourcecode.swift; path = AppDelegate.swift; sourceTree = "<group>"; };
		C57D99E5236C9CE3003A774B /* SceneDelegate.swift */ = {isa = PBXFileReference; lastKnownFileType = sourcecode.swift; path = SceneDelegate.swift; sourceTree = "<group>"; };
		C57D99EA236C9CE3003A774B /* Base */ = {isa = PBXFileReference; lastKnownFileType = file.storyboard; name = Base; path = Base.lproj/Main.storyboard; sourceTree = "<group>"; };
		C57D99EC236C9CE3003A774B /* Assets.xcassets */ = {isa = PBXFileReference; lastKnownFileType = folder.assetcatalog; path = Assets.xcassets; sourceTree = "<group>"; };
		C57D99EF236C9CE3003A774B /* Base */ = {isa = PBXFileReference; lastKnownFileType = file.storyboard; name = Base; path = Base.lproj/LaunchScreen.storyboard; sourceTree = "<group>"; };
		C57D99F1236C9CE3003A774B /* Info.plist */ = {isa = PBXFileReference; lastKnownFileType = text.plist.xml; path = Info.plist; sourceTree = "<group>"; };
		C57D99F7236C9D05003A774B /* TableViewController.swift */ = {isa = PBXFileReference; lastKnownFileType = sourcecode.swift; path = TableViewController.swift; sourceTree = "<group>"; };
/* End PBXFileReference section */

/* Begin PBXFrameworksBuildPhase section */
		C57D99DD236C9CE3003A774B /* Frameworks */ = {
			isa = PBXFrameworksBuildPhase;
			buildActionMask = 2147483647;
			files = (
			);
			runOnlyForDeploymentPostprocessing = 0;
		};
/* End PBXFrameworksBuildPhase section */

/* Begin PBXGroup section */
		C57D99D7236C9CE3003A774B = {
			isa = PBXGroup;
			children = (
				C57D99E2236C9CE3003A774B /* XRDS Dictionary */,
				C57D99E1236C9CE3003A774B /* Products */,
			);
			sourceTree = "<group>";
		};
		C57D99E1236C9CE3003A774B /* Products */ = {
			isa = PBXGroup;
			children = (
				C57D99E0236C9CE3003A774B /* XRDS Dictionary.app */,
			);
			name = Products;
			sourceTree = "<group>";
		};
		C57D99E2236C9CE3003A774B /* XRDS Dictionary */ = {
			isa = PBXGroup;
			children = (
				C57D99E3236C9CE3003A774B /* AppDelegate.swift */,
				C57D99E5236C9CE3003A774B /* SceneDelegate.swift */,
				C57D99F7236C9D05003A774B /* TableViewController.swift */,
				C57D99E9236C9CE3003A774B /* Main.storyboard */,
				C55FA3982371DB1B007C74B9 /* ViewController.swift */,
				C57D99EC236C9CE3003A774B /* Assets.xcassets */,
				C57D99EE236C9CE3003A774B /* LaunchScreen.storyboard */,
				C57D99F1236C9CE3003A774B /* Info.plist */,
			);
			path = "XRDS Dictionary";
			sourceTree = "<group>";
		};
/* End PBXGroup section */

/* Begin PBXNativeTarget section */
		C57D99DF236C9CE3003A774B /* XRDS Dictionary */ = {
			isa = PBXNativeTarget;
			buildConfigurationList = C57D99F4236C9CE3003A774B /* Build configuration list for PBXNativeTarget "XRDS Dictionary" */;
			buildPhases = (
				C57D99DC236C9CE3003A774B /* Sources */,
				C57D99DD236C9CE3003A774B /* Frameworks */,
				C57D99DE236C9CE3003A774B /* Resources */,
			);
			buildRules = (
			);
			dependencies = (
			);
			name = "XRDS Dictionary";
			productName = "XRDS Dictionary";
			productReference = C57D99E0236C9CE3003A774B /* XRDS Dictionary.app */;
			productType = "com.apple.product-type.application";
		};
/* End PBXNativeTarget section */

/* Begin PBXProject section */
		C57D99D8236C9CE3003A774B /* Project object */ = {
			isa = PBXProject;
			attributes = {
				LastSwiftUpdateCheck = 1110;
				LastUpgradeCheck = 1110;
				ORGANIZATIONNAME = "Kaelen Cook";
				TargetAttributes = {
					C57D99DF236C9CE3003A774B = {
						CreatedOnToolsVersion = 11.1;
					};
				};
			};
			buildConfigurationList = C57D99DB236C9CE3003A774B /* Build configuration list for PBXProject "XRDS Dictionary" */;
			compatibilityVersion = "Xcode 9.3";
			developmentRegion = en;
			hasScannedForEncodings = 0;
			knownRegions = (
				en,
				Base,
			);
			mainGroup = C57D99D7236C9CE3003A774B;
			productRefGroup = C57D99E1236C9CE3003A774B /* Products */;
			projectDirPath = "";
			projectRoot = "";
			targets = (
				C57D99DF236C9CE3003A774B /* XRDS Dictionary */,
			);
		};
/* End PBXProject section */

/* Begin PBXResourcesBuildPhase section */
		C57D99DE236C9CE3003A774B /* Resources */ = {
			isa = PBXResourcesBuildPhase;
			buildActionMask = 2147483647;
			files = (
				C57D99F0236C9CE3003A774B /* LaunchScreen.storyboard in Resources */,
				C57D99ED236C9CE3003A774B /* Assets.xcassets in Resources */,
				C57D99EB236C9CE3003A774B /* Main.storyboard in Resources */,
			);
			runOnlyForDeploymentPostprocessing = 0;
		};
/* End PBXResourcesBuildPhase section */

/* Begin PBXSourcesBuildPhase section */
		C57D99DC236C9CE3003A774B /* Sources */ = {
			isa = PBXSourcesBuildPhase;
			buildActionMask = 2147483647;
			files = (
				C57D99E4236C9CE3003A774B /* AppDelegate.swift in Sources */,
				C57D99F8236C9D05003A774B /* TableViewController.swift in Sources */,
				C55FA3992371DB1B007C74B9 /* ViewController.swift in Sources */,
				C57D99E6236C9CE3003A774B /* SceneDelegate.swift in Sources */,
			);
			runOnlyForDeploymentPostprocessing = 0;
		};
/* End PBXSourcesBuildPhase section */

/* Begin PBXVariantGroup section */
		C57D99E9236C9CE3003A774B /* Main.storyboard */ = {
			isa = PBXVariantGroup;
			children = (
				C57D99EA236C9CE3003A774B /* Base */,
			);
			name = Main.storyboard;
			sourceTree = "<group>";
		};
		C57D99EE236C9CE3003A774B /* LaunchScreen.storyboard */ = {
			isa = PBXVariantGroup;
			children = (
				C57D99EF236C9CE3003A774B /* Base */,
			);
			name = LaunchScreen.storyboard;
			sourceTree = "<group>";
		};
/* End PBXVariantGroup section */

/* Begin XCBuildConfiguration section */
		C57D99F2236C9CE3003A774B /* Debug */ = {
			isa = XCBuildConfiguration;
			buildSettings = {
				ALWAYS_SEARCH_USER_PATHS = NO;
				CLANG_ANALYZER_NONNULL = YES;
				CLANG_ANALYZER_NUMBER_OBJECT_CONVERSION = YES_AGGRESSIVE;
				CLANG_CXX_LANGUAGE_STANDARD = "gnu++14";
				CLANG_CXX_LIBRARY = "libc++";
				CLANG_ENABLE_MODULES = YES;
				CLANG_ENABLE_OBJC_ARC = YES;
				CLANG_ENABLE_OBJC_WEAK = YES;
				CLANG_WARN_BLOCK_CAPTURE_AUTORELEASING = YES;
				CLANG_WARN_BOOL_CONVERSION = YES;
				CLANG_WARN_COMMA = YES;
				CLANG_WARN_CONSTANT_CONVERSION = YES;
				CLANG_WARN_DEPRECATED_OBJC_IMPLEMENTATIONS = YES;
				CLANG_WARN_DIRECT_OBJC_ISA_USAGE = YES_ERROR;
				CLANG_WARN_DOCUMENTATION_COMMENTS = YES;
				CLANG_WARN_EMPTY_BODY = YES;
				CLANG_WARN_ENUM_CONVERSION = YES;
				CLANG_WARN_INFINITE_RECURSION = YES;
				CLANG_WARN_INT_CONVERSION = YES;
				CLANG_WARN_NON_LITERAL_NULL_CONVERSION = YES;
				CLANG_WARN_OBJC_IMPLICIT_RETAIN_SELF = YES;
				CLANG_WARN_OBJC_LITERAL_CONVERSION = YES;
				CLANG_WARN_OBJC_ROOT_CLASS = YES_ERROR;
				CLANG_WARN_RANGE_LOOP_ANALYSIS = YES;
				CLANG_WARN_STRICT_PROTOTYPES = YES;
				CLANG_WARN_SUSPICIOUS_MOVE = YES;
				CLANG_WARN_UNGUARDED_AVAILABILITY = YES_AGGRESSIVE;
				CLANG_WARN_UNREACHABLE_CODE = YES;
				CLANG_WARN__DUPLICATE_METHOD_MATCH = YES;
				COPY_PHASE_STRIP = NO;
				DEBUG_INFORMATION_FORMAT = dwarf;
				ENABLE_STRICT_OBJC_MSGSEND = YES;
				ENABLE_TESTABILITY = YES;
				GCC_C_LANGUAGE_STANDARD = gnu11;
				GCC_DYNAMIC_NO_PIC = NO;
				GCC_NO_COMMON_BLOCKS = YES;
				GCC_OPTIMIZATION_LEVEL = 0;
				GCC_PREPROCESSOR_DEFINITIONS = (
					"DEBUG=1",
					"$(inherited)",
				);
				GCC_WARN_64_TO_32_BIT_CONVERSION = YES;
				GCC_WARN_ABOUT_RETURN_TYPE = YES_ERROR;
				GCC_WARN_UNDECLARED_SELECTOR = YES;
				GCC_WARN_UNINITIALIZED_AUTOS = YES_AGGRESSIVE;
				GCC_WARN_UNUSED_FUNCTION = YES;
				GCC_WARN_UNUSED_VARIABLE = YES;
				IPHONEOS_DEPLOYMENT_TARGET = 13.1;
				MTL_ENABLE_DEBUG_INFO = INCLUDE_SOURCE;
				MTL_FAST_MATH = YES;
				ONLY_ACTIVE_ARCH = YES;
				SDKROOT = iphoneos;
				SWIFT_ACTIVE_COMPILATION_CONDITIONS = DEBUG;
				SWIFT_OPTIMIZATION_LEVEL = "-Onone";
			};
			name = Debug;
		};
		C57D99F3236C9CE3003A774B /* Release */ = {
			isa = XCBuildConfiguration;
			buildSettings = {
				ALWAYS_SEARCH_USER_PATHS = NO;
				CLANG_ANALYZER_NONNULL = YES;
				CLANG_ANALYZER_NUMBER_OBJECT_CONVERSION = YES_AGGRESSIVE;
				CLANG_CXX_LANGUAGE_STANDARD = "gnu++14";
				CLANG_CXX_LIBRARY = "libc++";
				CLANG_ENABLE_MODULES = YES;
				CLANG_ENABLE_OBJC_ARC = YES;
				CLANG_ENABLE_OBJC_WEAK = YES;
				CLANG_WARN_BLOCK_CAPTURE_AUTORELEASING = YES;
				CLANG_WARN_BOOL_CONVERSION = YES;
				CLANG_WARN_COMMA = YES;
				CLANG_WARN_CONSTANT_CONVERSION = YES;
				CLANG_WARN_DEPRECATED_OBJC_IMPLEMENTATIONS = YES;
				CLANG_WARN_DIRECT_OBJC_ISA_USAGE = YES_ERROR;
				CLANG_WARN_DOCUMENTATION_COMMENTS = YES;
				CLANG_WARN_EMPTY_BODY = YES;
				CLANG_WARN_ENUM_CONVERSION = YES;
				CLANG_WARN_INFINITE_RECURSION = YES;
				CLANG_WARN_INT_CONVERSION = YES;
				CLANG_WARN_NON_LITERAL_NULL_CONVERSION = YES;
				CLANG_WARN_OBJC_IMPLICIT_RETAIN_SELF = YES;
				CLANG_WARN_OBJC_LITERAL_CONVERSION = YES;
				CLANG_WARN_OBJC_ROOT_CLASS = YES_ERROR;
				CLANG_WARN_RANGE_LOOP_ANALYSIS = YES;
				CLANG_WARN_STRICT_PROTOTYPES = YES;
				CLANG_WARN_SUSPICIOUS_MOVE = YES;
				CLANG_WARN_UNGUARDED_AVAILABILITY = YES_AGGRESSIVE;
				CLANG_WARN_UNREACHABLE_CODE = YES;
				CLANG_WARN__DUPLICATE_METHOD_MATCH = YES;
				COPY_PHASE_STRIP = NO;
				DEBUG_INFORMATION_FORMAT = "dwarf-with-dsym";
				ENABLE_NS_ASSERTIONS = NO;
				ENABLE_STRICT_OBJC_MSGSEND = YES;
				GCC_C_LANGUAGE_STANDARD = gnu11;
				GCC_NO_COMMON_BLOCKS = YES;
				GCC_WARN_64_TO_32_BIT_CONVERSION = YES;
				GCC_WARN_ABOUT_RETURN_TYPE = YES_ERROR;
				GCC_WARN_UNDECLARED_SELECTOR = YES;
				GCC_WARN_UNINITIALIZED_AUTOS = YES_AGGRESSIVE;
				GCC_WARN_UNUSED_FUNCTION = YES;
				GCC_WARN_UNUSED_VARIABLE = YES;
				IPHONEOS_DEPLOYMENT_TARGET = 13.1;
				MTL_ENABLE_DEBUG_INFO = NO;
				MTL_FAST_MATH = YES;
				SDKROOT = iphoneos;
				SWIFT_COMPILATION_MODE = wholemodule;
				SWIFT_OPTIMIZATION_LEVEL = "-O";
				VALIDATE_PRODUCT = YES;
			};
			name = Release;
		};
		C57D99F5236C9CE3003A774B /* Debug */ = {
			isa = XCBuildConfiguration;
			buildSettings = {
				ASSETCATALOG_COMPILER_APPICON_NAME = AppIcon;
				CODE_SIGN_STYLE = Automatic;
				DEVELOPMENT_TEAM = NSHAHHR78G;
				INFOPLIST_FILE = "XRDS Dictionary/Info.plist";
				LD_RUNPATH_SEARCH_PATHS = (
					"$(inherited)",
					"@executable_path/Frameworks",
				);
				PRODUCT_BUNDLE_IDENTIFIER = "com.kaelenrexcook.XRDS-Dictionary";
				PRODUCT_NAME = "$(TARGET_NAME)";
				SWIFT_VERSION = 5.0;
				TARGETED_DEVICE_FAMILY = "1,2";
			};
			name = Debug;
		};
		C57D99F6236C9CE3003A774B /* Release */ = {
			isa = XCBuildConfiguration;
			buildSettings = {
				ASSETCATALOG_COMPILER_APPICON_NAME = AppIcon;
				CODE_SIGN_STYLE = Automatic;
				DEVELOPMENT_TEAM = NSHAHHR78G;
				INFOPLIST_FILE = "XRDS Dictionary/Info.plist";
				LD_RUNPATH_SEARCH_PATHS = (
					"$(inherited)",
					"@executable_path/Frameworks",
				);
				PRODUCT_BUNDLE_IDENTIFIER = "com.kaelenrexcook.XRDS-Dictionary";
				PRODUCT_NAME = "$(TARGET_NAME)";
				SWIFT_VERSION = 5.0;
				TARGETED_DEVICE_FAMILY = "1,2";
			};
			name = Release;
		};
/* End XCBuildConfiguration section */

/* Begin XCConfigurationList section */
		C57D99DB236C9CE3003A774B /* Build configuration list for PBXProject "XRDS Dictionary" */ = {
			isa = XCConfigurationList;
			buildConfigurations = (
				C57D99F2236C9CE3003A774B /* Debug */,
				C57D99F3236C9CE3003A774B /* Release */,
			);
			defaultConfigurationIsVisible = 0;
			defaultConfigurationName = Release;
		};
		C57D99F4236C9CE3003A774B /* Build configuration list for PBXNativeTarget "XRDS Dictionary" */ = {
			isa = XCConfigurationList;
			buildConfigurations = (
				C57D99F5236C9CE3003A774B /* Debug */,
				C57D99F6236C9CE3003A774B /* Release */,
			);
			defaultConfigurationIsVisible = 0;
			defaultConfigurationName = Release;
		};
/* End XCConfigurationList section */
	};
	rootObject = C57D99D8236C9CE3003A774B /* Project object */;
}
